
Microsoft Visual Studio Solution File, Format Version 12.00
# Visual Studio Version 17
VisualStudioVersion = 17.3.32825.248
MinimumVisualStudioVersion = 10.0.40219.1
Project("{8BC9CEB8-8B4A-11D0-8D11-00A0C91BC942}") = "boj_2557", "boj_2557\boj_2557.vcxproj", "{D452F314-5B51-4DC5-B2E5-B1B523D522C6}"
EndProject
Project("{8BC9CEB8-8B4A-11D0-8D11-00A0C91BC942}") = "boj_10718", "boj_10718\boj_10718.vcxproj", "{0A146903-7698-4240-AEC2-357BAEA77F8A}"
EndProject
Project("{2150E333-8FDC-42A3-9474-1A3956D46DE8}") = "입출력과 사칙연산", "입출력과 사칙연산", "{93E2AFFD-0088-4BDE-B3A0-58348067D354}"
EndProject
Project("{8BC9CEB8-8B4A-11D0-8D11-00A0C91BC942}") = "boj_1000", "boj_1000\boj_1000.vcxproj", "{6BE79339-B9E5-436E-8A27-04F84A793E6B}"
EndProject
Project("{8BC9CEB8-8B4A-11D0-8D11-00A0C91BC942}") = "boj_10998", "boj_10998\boj_10998.vcxproj", "{AF53E16B-0CAF-49F9-99E8-F4CD418654AD}"
EndProject
Project("{8BC9CEB8-8B4A-11D0-8D11-00A0C91BC942}") = "boj_1008", "boj_1008\boj_1008.vcxproj", "{267944E1-4927-494A-A76C-F58171609118}"
EndProject
Project("{8BC9CEB8-8B4A-11D0-8D11-00A0C91BC942}") = "boj_10869", "boj_10869\boj_10869.vcxproj", "{FE42FC87-168D-40A1-A6A6-FB3B1F32F4E0}"
EndProject
Project("{8BC9CEB8-8B4A-11D0-8D11-00A0C91BC942}") = "boj_10926", "boj_10926\boj_10926.vcxproj", "{FCA8C1FB-78A5-449A-957E-FD86D775CC61}"
EndProject
Project("{8BC9CEB8-8B4A-11D0-8D11-00A0C91BC942}") = "boj_18108", "boj_18108\boj_18108.vcxproj", "{10A8F8C1-7762-4052-A071-5C099A6ECC6F}"
EndProject
Project("{8BC9CEB8-8B4A-11D0-8D11-00A0C91BC942}") = "boj_3003", "boj_3003\boj_3003.vcxproj", "{27B04A36-A076-4951-8191-870ADFAAF77F}"
EndProject
Project("{8BC9CEB8-8B4A-11D0-8D11-00A0C91BC942}") = "boj_10430", "boj_10430\boj_10430.vcxproj", "{FEAE7283-96CE-417D-A7EB-AD1BB04F6E6F}"
EndProject
Project("{8BC9CEB8-8B4A-11D0-8D11-00A0C91BC942}") = "boj_2588", "boj_2588\boj_2588.vcxproj", "{85366A43-D531-4F75-AA8E-726C2D05B36A}"
EndProject
Project("{8BC9CEB8-8B4A-11D0-8D11-00A0C91BC942}") = "boj_10171", "boj_10171\boj_10171.vcxproj", "{94605967-B863-4E13-B6D9-C9E11B1CB4DF}"
EndProject
Project("{8BC9CEB8-8B4A-11D0-8D11-00A0C91BC942}") = "boj_10172", "boj_10172\boj_10172.vcxproj", "{A3E04819-9470-4BD8-8E74-03672DC97332}"
EndProject
Project("{8BC9CEB8-8B4A-11D0-8D11-00A0C91BC942}") = "boj_25083", "boj_25083\boj_25083.vcxproj", "{242DCA33-BB98-4378-8024-28A10E59012E}"
EndProject
Global
	GlobalSection(SolutionConfigurationPlatforms) = preSolution
		Debug|x64 = Debug|x64
		Debug|x86 = Debug|x86
		Release|x64 = Release|x64
		Release|x86 = Release|x86
	EndGlobalSection
	GlobalSection(ProjectConfigurationPlatforms) = postSolution
		{D452F314-5B51-4DC5-B2E5-B1B523D522C6}.Debug|x64.ActiveCfg = Debug|x64
		{D452F314-5B51-4DC5-B2E5-B1B523D522C6}.Debug|x64.Build.0 = Debug|x64
		{D452F314-5B51-4DC5-B2E5-B1B523D522C6}.Debug|x86.ActiveCfg = Debug|Win32
		{D452F314-5B51-4DC5-B2E5-B1B523D522C6}.Debug|x86.Build.0 = Debug|Win32
		{D452F314-5B51-4DC5-B2E5-B1B523D522C6}.Release|x64.ActiveCfg = Release|x64
		{D452F314-5B51-4DC5-B2E5-B1B523D522C6}.Release|x64.Build.0 = Release|x64
		{D452F314-5B51-4DC5-B2E5-B1B523D522C6}.Release|x86.ActiveCfg = Release|Win32
		{D452F314-5B51-4DC5-B2E5-B1B523D522C6}.Release|x86.Build.0 = Release|Win32
		{0A146903-7698-4240-AEC2-357BAEA77F8A}.Debug|x64.ActiveCfg = Debug|x64
		{0A146903-7698-4240-AEC2-357BAEA77F8A}.Debug|x64.Build.0 = Debug|x64
		{0A146903-7698-4240-AEC2-357BAEA77F8A}.Debug|x86.ActiveCfg = Debug|Win32
		{0A146903-7698-4240-AEC2-357BAEA77F8A}.Debug|x86.Build.0 = Debug|Win32
		{0A146903-7698-4240-AEC2-357BAEA77F8A}.Release|x64.ActiveCfg = Release|x64
		{0A146903-7698-4240-AEC2-357BAEA77F8A}.Release|x64.Build.0 = Release|x64
		{0A146903-7698-4240-AEC2-357BAEA77F8A}.Release|x86.ActiveCfg = Release|Win32
		{0A146903-7698-4240-AEC2-357BAEA77F8A}.Release|x86.Build.0 = Release|Win32
		{6BE79339-B9E5-436E-8A27-04F84A793E6B}.Debug|x64.ActiveCfg = Debug|x64
		{6BE79339-B9E5-436E-8A27-04F84A793E6B}.Debug|x64.Build.0 = Debug|x64
		{6BE79339-B9E5-436E-8A27-04F84A793E6B}.Debug|x86.ActiveCfg = Debug|Win32
		{6BE79339-B9E5-436E-8A27-04F84A793E6B}.Debug|x86.Build.0 = Debug|Win32
		{6BE79339-B9E5-436E-8A27-04F84A793E6B}.Release|x64.ActiveCfg = Release|x64
		{6BE79339-B9E5-436E-8A27-04F84A793E6B}.Release|x64.Build.0 = Release|x64
		{6BE79339-B9E5-436E-8A27-04F84A793E6B}.Release|x86.ActiveCfg = Release|Win32
		{6BE79339-B9E5-436E-8A27-04F84A793E6B}.Release|x86.Build.0 = Release|Win32
		{AF53E16B-0CAF-49F9-99E8-F4CD418654AD}.Debug|x64.ActiveCfg = Debug|x64
		{AF53E16B-0CAF-49F9-99E8-F4CD418654AD}.Debug|x64.Build.0 = Debug|x64
		{AF53E16B-0CAF-49F9-99E8-F4CD418654AD}.Debug|x86.ActiveCfg = Debug|Win32
		{AF53E16B-0CAF-49F9-99E8-F4CD418654AD}.Debug|x86.Build.0 = Debug|Win32
		{AF53E16B-0CAF-49F9-99E8-F4CD418654AD}.Release|x64.ActiveCfg = Release|x64
		{AF53E16B-0CAF-49F9-99E8-F4CD418654AD}.Release|x64.Build.0 = Release|x64
		{AF53E16B-0CAF-49F9-99E8-F4CD418654AD}.Release|x86.ActiveCfg = Release|Win32
		{AF53E16B-0CAF-49F9-99E8-F4CD418654AD}.Release|x86.Build.0 = Release|Win32
		{267944E1-4927-494A-A76C-F58171609118}.Debug|x64.ActiveCfg = Debug|x64
		{267944E1-4927-494A-A76C-F58171609118}.Debug|x64.Build.0 = Debug|x64
		{267944E1-4927-494A-A76C-F58171609118}.Debug|x86.ActiveCfg = Debug|Win32
		{267944E1-4927-494A-A76C-F58171609118}.Debug|x86.Build.0 = Debug|Win32
		{267944E1-4927-494A-A76C-F58171609118}.Release|x64.ActiveCfg = Release|x64
		{267944E1-4927-494A-A76C-F58171609118}.Release|x64.Build.0 = Release|x64
		{267944E1-4927-494A-A76C-F58171609118}.Release|x86.ActiveCfg = Release|Win32
		{267944E1-4927-494A-A76C-F58171609118}.Release|x86.Build.0 = Release|Win32
		{FE42FC87-168D-40A1-A6A6-FB3B1F32F4E0}.Debug|x64.ActiveCfg = Debug|x64
		{FE42FC87-168D-40A1-A6A6-FB3B1F32F4E0}.Debug|x64.Build.0 = Debug|x64
		{FE42FC87-168D-40A1-A6A6-FB3B1F32F4E0}.Debug|x86.ActiveCfg = Debug|Win32
		{FE42FC87-168D-40A1-A6A6-FB3B1F32F4E0}.Debug|x86.Build.0 = Debug|Win32
		{FE42FC87-168D-40A1-A6A6-FB3B1F32F4E0}.Release|x64.ActiveCfg = Release|x64
		{FE42FC87-168D-40A1-A6A6-FB3B1F32F4E0}.Release|x64.Build.0 = Release|x64
		{FE42FC87-168D-40A1-A6A6-FB3B1F32F4E0}.Release|x86.ActiveCfg = Release|Win32
		{FE42FC87-168D-40A1-A6A6-FB3B1F32F4E0}.Release|x86.Build.0 = Release|Win32
		{FCA8C1FB-78A5-449A-957E-FD86D775CC61}.Debug|x64.ActiveCfg = Debug|x64
		{FCA8C1FB-78A5-449A-957E-FD86D775CC61}.Debug|x64.Build.0 = Debug|x64
		{FCA8C1FB-78A5-449A-957E-FD86D775CC61}.Debug|x86.ActiveCfg = Debug|Win32
		{FCA8C1FB-78A5-449A-957E-FD86D775CC61}.Debug|x86.Build.0 = Debug|Win32
		{FCA8C1FB-78A5-449A-957E-FD86D775CC61}.Release|x64.ActiveCfg = Release|x64
		{FCA8C1FB-78A5-449A-957E-FD86D775CC61}.Release|x64.Build.0 = Release|x64
		{FCA8C1FB-78A5-449A-957E-FD86D775CC61}.Release|x86.ActiveCfg = Release|Win32
		{FCA8C1FB-78A5-449A-957E-FD86D775CC61}.Release|x86.Build.0 = Release|Win32
		{10A8F8C1-7762-4052-A071-5C099A6ECC6F}.Debug|x64.ActiveCfg = Debug|x64
		{10A8F8C1-7762-4052-A071-5C099A6ECC6F}.Debug|x64.Build.0 = Debug|x64
		{10A8F8C1-7762-4052-A071-5C099A6ECC6F}.Debug|x86.ActiveCfg = Debug|Win32
		{10A8F8C1-7762-4052-A071-5C099A6ECC6F}.Debug|x86.Build.0 = Debug|Win32
		{10A8F8C1-7762-4052-A071-5C099A6ECC6F}.Release|x64.ActiveCfg = Release|x64
		{10A8F8C1-7762-4052-A071-5C099A6ECC6F}.Release|x64.Build.0 = Release|x64
		{10A8F8C1-7762-4052-A071-5C099A6ECC6F}.Release|x86.ActiveCfg = Release|Win32
		{10A8F8C1-7762-4052-A071-5C099A6ECC6F}.Release|x86.Build.0 = Release|Win32
		{27B04A36-A076-4951-8191-870ADFAAF77F}.Debug|x64.ActiveCfg = Debug|x64
		{27B04A36-A076-4951-8191-870ADFAAF77F}.Debug|x64.Build.0 = Debug|x64
		{27B04A36-A076-4951-8191-870ADFAAF77F}.Debug|x86.ActiveCfg = Debug|Win32
		{27B04A36-A076-4951-8191-870ADFAAF77F}.Debug|x86.Build.0 = Debug|Win32
		{27B04A36-A076-4951-8191-870ADFAAF77F}.Release|x64.ActiveCfg = Release|x64
		{27B04A36-A076-4951-8191-870ADFAAF77F}.Release|x64.Build.0 = Release|x64
		{27B04A36-A076-4951-8191-870ADFAAF77F}.Release|x86.ActiveCfg = Release|Win32
		{27B04A36-A076-4951-8191-870ADFAAF77F}.Release|x86.Build.0 = Release|Win32
		{FEAE7283-96CE-417D-A7EB-AD1BB04F6E6F}.Debug|x64.ActiveCfg = Debug|x64
		{FEAE7283-96CE-417D-A7EB-AD1BB04F6E6F}.Debug|x64.Build.0 = Debug|x64
		{FEAE7283-96CE-417D-A7EB-AD1BB04F6E6F}.Debug|x86.ActiveCfg = Debug|Win32
		{FEAE7283-96CE-417D-A7EB-AD1BB04F6E6F}.Debug|x86.Build.0 = Debug|Win32
		{FEAE7283-96CE-417D-A7EB-AD1BB04F6E6F}.Release|x64.ActiveCfg = Release|x64
		{FEAE7283-96CE-417D-A7EB-AD1BB04F6E6F}.Release|x64.Build.0 = Release|x64
		{FEAE7283-96CE-417D-A7EB-AD1BB04F6E6F}.Release|x86.ActiveCfg = Release|Win32
		{FEAE7283-96CE-417D-A7EB-AD1BB04F6E6F}.Release|x86.Build.0 = Release|Win32
		{85366A43-D531-4F75-AA8E-726C2D05B36A}.Debug|x64.ActiveCfg = Debug|x64
		{85366A43-D531-4F75-AA8E-726C2D05B36A}.Debug|x64.Build.0 = Debug|x64
		{85366A43-D531-4F75-AA8E-726C2D05B36A}.Debug|x86.ActiveCfg = Debug|Win32
		{85366A43-D531-4F75-AA8E-726C2D05B36A}.Debug|x86.Build.0 = Debug|Win32
		{85366A43-D531-4F75-AA8E-726C2D05B36A}.Release|x64.ActiveCfg = Release|x64
		{85366A43-D531-4F75-AA8E-726C2D05B36A}.Release|x64.Build.0 = Release|x64
		{85366A43-D531-4F75-AA8E-726C2D05B36A}.Release|x86.ActiveCfg = Release|Win32
		{85366A43-D531-4F75-AA8E-726C2D05B36A}.Release|x86.Build.0 = Release|Win32
		{94605967-B863-4E13-B6D9-C9E11B1CB4DF}.Debug|x64.ActiveCfg = Debug|x64
		{94605967-B863-4E13-B6D9-C9E11B1CB4DF}.Debug|x64.Build.0 = Debug|x64
		{94605967-B863-4E13-B6D9-C9E11B1CB4DF}.Debug|x86.ActiveCfg = Debug|Win32
		{94605967-B863-4E13-B6D9-C9E11B1CB4DF}.Debug|x86.Build.0 = Debug|Win32
		{94605967-B863-4E13-B6D9-C9E11B1CB4DF}.Release|x64.ActiveCfg = Release|x64
		{94605967-B863-4E13-B6D9-C9E11B1CB4DF}.Release|x64.Build.0 = Release|x64
		{94605967-B863-4E13-B6D9-C9E11B1CB4DF}.Release|x86.ActiveCfg = Release|Win32
		{94605967-B863-4E13-B6D9-C9E11B1CB4DF}.Release|x86.Build.0 = Release|Win32
		{A3E04819-9470-4BD8-8E74-03672DC97332}.Debug|x64.ActiveCfg = Debug|x64
		{A3E04819-9470-4BD8-8E74-03672DC97332}.Debug|x64.Build.0 = Debug|x64
		{A3E04819-9470-4BD8-8E74-03672DC97332}.Debug|x86.ActiveCfg = Debug|Win32
		{A3E04819-9470-4BD8-8E74-03672DC97332}.Debug|x86.Build.0 = Debug|Win32
		{A3E04819-9470-4BD8-8E74-03672DC97332}.Release|x64.ActiveCfg = Release|x64
		{A3E04819-9470-4BD8-8E74-03672DC97332}.Release|x64.Build.0 = Release|x64
		{A3E04819-9470-4BD8-8E74-03672DC97332}.Release|x86.ActiveCfg = Release|Win32
		{A3E04819-9470-4BD8-8E74-03672DC97332}.Release|x86.Build.0 = Release|Win32
		{242DCA33-BB98-4378-8024-28A10E59012E}.Debug|x64.ActiveCfg = Debug|x64
		{242DCA33-BB98-4378-8024-28A10E59012E}.Debug|x64.Build.0 = Debug|x64
		{242DCA33-BB98-4378-8024-28A10E59012E}.Debug|x86.ActiveCfg = Debug|Win32
		{242DCA33-BB98-4378-8024-28A10E59012E}.Debug|x86.Build.0 = Debug|Win32
		{242DCA33-BB98-4378-8024-28A10E59012E}.Release|x64.ActiveCfg = Release|x64
		{242DCA33-BB98-4378-8024-28A10E59012E}.Release|x64.Build.0 = Release|x64
		{242DCA33-BB98-4378-8024-28A10E59012E}.Release|x86.ActiveCfg = Release|Win32
		{242DCA33-BB98-4378-8024-28A10E59012E}.Release|x86.Build.0 = Release|Win32
	EndGlobalSection
	GlobalSection(SolutionProperties) = preSolution
		HideSolutionNode = FALSE
	EndGlobalSection
	GlobalSection(NestedProjects) = preSolution
		{D452F314-5B51-4DC5-B2E5-B1B523D522C6} = {93E2AFFD-0088-4BDE-B3A0-58348067D354}
		{0A146903-7698-4240-AEC2-357BAEA77F8A} = {93E2AFFD-0088-4BDE-B3A0-58348067D354}
		{6BE79339-B9E5-436E-8A27-04F84A793E6B} = {93E2AFFD-0088-4BDE-B3A0-58348067D354}
		{AF53E16B-0CAF-49F9-99E8-F4CD418654AD} = {93E2AFFD-0088-4BDE-B3A0-58348067D354}
		{267944E1-4927-494A-A76C-F58171609118} = {93E2AFFD-0088-4BDE-B3A0-58348067D354}
		{FE42FC87-168D-40A1-A6A6-FB3B1F32F4E0} = {93E2AFFD-0088-4BDE-B3A0-58348067D354}
		{FCA8C1FB-78A5-449A-957E-FD86D775CC61} = {93E2AFFD-0088-4BDE-B3A0-58348067D354}
		{10A8F8C1-7762-4052-A071-5C099A6ECC6F} = {93E2AFFD-0088-4BDE-B3A0-58348067D354}
		{27B04A36-A076-4951-8191-870ADFAAF77F} = {93E2AFFD-0088-4BDE-B3A0-58348067D354}
		{FEAE7283-96CE-417D-A7EB-AD1BB04F6E6F} = {93E2AFFD-0088-4BDE-B3A0-58348067D354}
		{85366A43-D531-4F75-AA8E-726C2D05B36A} = {93E2AFFD-0088-4BDE-B3A0-58348067D354}
		{94605967-B863-4E13-B6D9-C9E11B1CB4DF} = {93E2AFFD-0088-4BDE-B3A0-58348067D354}
		{A3E04819-9470-4BD8-8E74-03672DC97332} = {93E2AFFD-0088-4BDE-B3A0-58348067D354}
		{242DCA33-BB98-4378-8024-28A10E59012E} = {93E2AFFD-0088-4BDE-B3A0-58348067D354}
	EndGlobalSection
	GlobalSection(ExtensibilityGlobals) = postSolution
		SolutionGuid = {9F7BDFC6-D2BB-4A5A-AEC4-7BBF66FFF0D7}
	EndGlobalSection
EndGlobal
